
Microsoft Visual Studio Solution File, Format Version 12.00
# Visual Studio Version 16
VisualStudioVersion = 16.0.31025.194
MinimumVisualStudioVersion = 10.0.40219.1
Project("{8BC9CEB8-8B4A-11D0-8D11-00A0C91BC942}") = "computeInside", "computeInside\computeInside.vcxproj", "{F7EC6053-0483-48BC-B274-A9096846F55F}"
EndProject
Global
	GlobalSection(SolutionConfigurationPlatforms) = preSolution
		Debug|x64 = Debug|x64
		Release|x64 = Release|x64
	EndGlobalSection
	GlobalSection(ProjectConfigurationPlatforms) = postSolution
		{F7EC6053-0483-48BC-B274-A9096846F55F}.Debug|x64.ActiveCfg = Debug|x64
		{F7EC6053-0483-48BC-B274-A9096846F55F}.Debug|x64.Build.0 = Debug|x64
		{F7EC6053-0483-48BC-B274-A9096846F55F}.Release|x64.ActiveCfg = Release|x64
		{F7EC6053-0483-48BC-B274-A9096846F55F}.Release|x64.Build.0 = Release|x64
	EndGlobalSection
	GlobalSection(SolutionProperties) = preSolution
		HideSolutionNode = FALSE
	EndGlobalSection
	GlobalSection(ExtensibilityGlobals) = postSolution
		SolutionGuid = {87E338B7-DC10-4F44-8258-AB7ABA73341C}
	EndGlobalSection
EndGlobal
